{
  "version": 4,
  "terraform_version": "1.6.1",
  "serial": 70,
  "lineage": "1c2e1cd5-dfa4-8c90-bf52-2320c0993582",
  "outputs": {
    "alb_load_balancer_name": {
      "value": "slurm-alb",
      "type": "string"
    },
    "alb_load_balancer_public_ips": {
      "value": [
        {
          "address": "158.160.129.201"
        }
      ],
      "type": [
        "list",
        [
          "object",
          {
            "address": "string"
          }
        ]
      ]
    },
    "instance_external_ip": {
      "value": [
        "158.160.57.174",
        "158.160.83.235",
        "158.160.85.8",
        "84.201.144.112"
      ],
      "type": [
        "list",
        "string"
      ]
    },
    "private_key": {
      "value": "",
      "type": "string",
      "sensitive": true
    }
  },
  "resources": [
    {
      "mode": "data",
      "type": "yandex_compute_instance_group",
      "name": "this",
      "provider": "provider[\"registry.terraform.io/yandex-cloud/yandex\"]",
      "instances": [
        {
          "schema_version": 0,
          "attributes": {
            "allocation_policy": [
              {
                "zones": [
                  "ru-central1-a",
                  "ru-central1-b",
                  "ru-central1-c"
                ]
              }
            ],
            "application_balancer_state": null,
            "application_load_balancer": [
              {
                "max_opening_traffic_duration": 0,
                "status_message": "",
                "target_group_description": "",
                "target_group_id": "ds7h5uctbhi1nhd8pco2",
                "target_group_labels": {},
                "target_group_name": ""
              }
            ],
            "created_at": "2023-10-31T06:36:48Z",
            "deletion_protection": false,
            "deploy_policy": [
              {
                "max_creating": 2,
                "max_deleting": 2,
                "max_expansion": 2,
                "max_unavailable": 2,
                "startup_duration": 0,
                "strategy": "proactive"
              }
            ],
            "description": "",
            "folder_id": "b1gjuo2nan0klajc5d5g",
            "health_check": [
              {
                "healthy_threshold": 5,
                "http_options": [
                  {
                    "path": "/",
                    "port": 80
                  }
                ],
                "interval": 2,
                "tcp_options": [],
                "timeout": 1,
                "unhealthy_threshold": 5
              }
            ],
            "id": "cl1fk5pu1ppbp5it126t",
            "instance_group_id": "cl1fk5pu1ppbp5it126t",
            "instance_template": [
              {
                "boot_disk": [
                  {
                    "device_name": "",
                    "disk_id": "",
                    "initialize_params": [
                      {
                        "description": "",
                        "image_id": "fd8opdtg61g7cp1ffd0k",
                        "size": 10,
                        "snapshot_id": "",
                        "type": "network-hdd"
                      }
                    ],
                    "mode": "READ_WRITE"
                  }
                ],
                "description": "",
                "filesystem": [],
                "hostname": "",
                "labels": {},
                "metadata": {
                  "ssh-keys": "yc-user:ssh-rsa AAAAB3NzaC1yc2EAAAADAQABAAABgQDNPKJW/GRtAfDIEr2/UIgov2e7dTm5VHBzsSTd2/ua0hD9YVGrfdo/OwDzuE2N5sadPuOusRukQPwJ1Jwp8Zn3Ou1NSOiNAZ76jUuuCEvTYvPPTAgxapLppbaNpk8U0cllE0HdsqqUkdkap+u15poQRwaiRCYH2TppMuE0llqc9w+sWSw8cJAYfQfPy+BgkmaYD2hWUSXUoU8KRmZPzDgBy5OJoZHsrPcY70E1ui8n12VE+uOqOgrMt7qr7pWXVisWY0oA6ITYCwglIvdhM40d3OP55hjMT2R9TVSx+av3ksOtwOO/upMvsKxch66VTgk8Vii7oqQxrE6ck17+1mD5tIIdcn+DJByBNLzzYDKp1mOHjEu5D3bYGAbMNpmu9AiQj7rCCwLmk7Q/MNHJdgMXA6/AE6+IHmYIq6CojDs8PErvli2surrRZgkXx4c1uXkw5sfIas3xJBdrlurI2Yl8zr0m4pjD74ejcNUMIhCDTV+rGMPvZLhc2sgK5x9zlrU= tommu@ubuntu\n"
                },
                "name": "",
                "network_interface": [
                  {
                    "dns_record": [],
                    "ip_address": "",
                    "ipv4": true,
                    "ipv6": false,
                    "ipv6_address": "",
                    "ipv6_dns_record": [],
                    "nat": true,
                    "nat_dns_record": [],
                    "nat_ip_address": "",
                    "network_id": "enp90j4ajg04c0n6pnhk",
                    "security_group_ids": [],
                    "subnet_ids": [
                      "b0c622vv5ol32siqi6hf",
                      "e2luqbedqb67nb67pg6m",
                      "e9b986oauaanc96mkvdp"
                    ]
                  }
                ],
                "network_settings": [],
                "placement_policy": [],
                "platform_id": "standard-v1",
                "resources": [
                  {
                    "core_fraction": 100,
                    "cores": 2,
                    "gpus": 0,
                    "memory": 4
                  }
                ],
                "scheduling_policy": [
                  {
                    "preemptible": false
                  }
                ],
                "secondary_disk": [],
                "service_account_id": ""
              }
            ],
            "instances": [
              {
                "fqdn": "cl1fk5pu1ppbp5it126t-anyn.ru-central1.internal",
                "instance_id": "fhm2r6ookscfq9avvgh1",
                "name": "cl1fk5pu1ppbp5it126t-anyn",
                "network_interface": [
                  {
                    "index": 0,
                    "ip_address": "10.10.0.25",
                    "ipv4": true,
                    "ipv6": false,
                    "ipv6_address": "",
                    "mac_address": "d0:0d:2d:9b:18:a7",
                    "nat": true,
                    "nat_ip_address": "158.160.57.174",
                    "nat_ip_version": "IPV4",
                    "subnet_id": "e9b986oauaanc96mkvdp"
                  }
                ],
                "status": "RUNNING_ACTUAL",
                "status_changed_at": "2023-10-31T06:39:50Z",
                "status_message": "",
                "zone_id": "ru-central1-a"
              },
              {
                "fqdn": "cl1fk5pu1ppbp5it126t-yjiv.ru-central1.internal",
                "instance_id": "epd9sg6ejr9rlo55lb4b",
                "name": "cl1fk5pu1ppbp5it126t-yjiv",
                "network_interface": [
                  {
                    "index": 0,
                    "ip_address": "10.20.0.18",
                    "ipv4": true,
                    "ipv6": false,
                    "ipv6_address": "",
                    "mac_address": "d0:0d:9e:40:ce:9e",
                    "nat": true,
                    "nat_ip_address": "158.160.83.235",
                    "nat_ip_version": "IPV4",
                    "subnet_id": "e2luqbedqb67nb67pg6m"
                  }
                ],
                "status": "RUNNING_ACTUAL",
                "status_changed_at": "2023-10-31T06:39:28Z",
                "status_message": "",
                "zone_id": "ru-central1-b"
              },
              {
                "fqdn": "cl1fk5pu1ppbp5it126t-usir.ru-central1.internal",
                "instance_id": "epdas4alq1li4tba7d28",
                "name": "cl1fk5pu1ppbp5it126t-usir",
                "network_interface": [
                  {
                    "index": 0,
                    "ip_address": "10.20.0.6",
                    "ipv4": true,
                    "ipv6": false,
                    "ipv6_address": "",
                    "mac_address": "d0:0d:ae:11:55:d0",
                    "nat": true,
                    "nat_ip_address": "158.160.85.8",
                    "nat_ip_version": "IPV4",
                    "subnet_id": "e2luqbedqb67nb67pg6m"
                  }
                ],
                "status": "RUNNING_ACTUAL",
                "status_changed_at": "2023-10-31T06:42:08Z",
                "status_message": "",
                "zone_id": "ru-central1-b"
              },
              {
                "fqdn": "cl1fk5pu1ppbp5it126t-abuh.ru-central1.internal",
                "instance_id": "ef30r0f64vbqoel3dgo9",
                "name": "cl1fk5pu1ppbp5it126t-abuh",
                "network_interface": [
                  {
                    "index": 0,
                    "ip_address": "10.30.0.32",
                    "ipv4": true,
                    "ipv6": false,
                    "ipv6_address": "",
                    "mac_address": "d0:0d:d8:1e:62:7d",
                    "nat": true,
                    "nat_ip_address": "84.201.144.112",
                    "nat_ip_version": "IPV4",
                    "subnet_id": "b0c622vv5ol32siqi6hf"
                  }
                ],
                "status": "RUNNING_ACTUAL",
                "status_changed_at": "2023-10-31T06:41:46Z",
                "status_message": "",
                "zone_id": "ru-central1-c"
              }
            ],
            "labels": {},
            "load_balancer": [],
            "load_balancer_state": [
              {
                "status_message": "",
                "target_group_id": ""
              }
            ],
            "max_checking_health_duration": 0,
            "name": "slurm-ig",
            "scale_policy": [
              {
                "auto_scale": [],
                "fixed_scale": [
                  {
                    "size": 4
                  }
                ],
                "test_auto_scale": []
              }
            ],
            "service_account_id": "ajeuj5mctcdvhm2js7ul",
            "status": "ACTIVE",
            "variables": {}
          },
          "sensitive_attributes": []
        }
      ]
    },
    {
      "mode": "managed",
      "type": "yandex_alb_backend_group",
      "name": "this",
      "provider": "provider[\"registry.terraform.io/yandex-cloud/yandex\"]",
      "instances": [
        {
          "schema_version": 0,
          "attributes": {
            "created_at": "2023-10-31T06:42:09Z",
            "description": "",
            "folder_id": "b1gjuo2nan0klajc5d5g",
            "grpc_backend": [],
            "http_backend": [
              {
                "healthcheck": [
                  {
                    "grpc_healthcheck": [],
                    "healthcheck_port": 80,
                    "healthy_threshold": 0,
                    "http_healthcheck": [
                      {
                        "host": "",
                        "http2": false,
                        "path": "/"
                      }
                    ],
                    "interval": "1s",
                    "interval_jitter_percent": 0,
                    "stream_healthcheck": [],
                    "timeout": "1s",
                    "unhealthy_threshold": 0
                  }
                ],
                "http2": false,
                "load_balancing_config": [
                  {
                    "locality_aware_routing_percent": 0,
                    "mode": "ROUND_ROBIN",
                    "panic_threshold": 50,
                    "strict_locality": false
                  }
                ],
                "name": "slurm-http-backend",
                "port": 80,
                "storage_bucket": "",
                "target_group_ids": [
                  "ds7h5uctbhi1nhd8pco2"
                ],
                "tls": [],
                "weight": 1
              }
            ],
            "id": "ds74jn3keqj9i5njv5v4",
            "labels": {},
            "name": "slurm-alb-back",
            "session_affinity": [],
            "stream_backend": [],
            "timeouts": null
          },
          "sensitive_attributes": [],
          "private": "eyJlMmJmYjczMC1lY2FhLTExZTYtOGY4OC0zNDM2M2JjN2M0YzAiOnsiY3JlYXRlIjozMDAwMDAwMDAwMDAsImRlbGV0ZSI6MzAwMDAwMDAwMDAwLCJ1cGRhdGUiOjMwMDAwMDAwMDAwMH19",
          "dependencies": [
            "tls_private_key.yandex_ssh_key",
            "yandex_compute_instance_group.this",
            "yandex_iam_service_account.this",
            "yandex_resourcemanager_folder_iam_binding.this",
            "yandex_vpc_network.this",
            "yandex_vpc_subnet.this"
          ]
        }
      ]
    },
    {
      "mode": "managed",
      "type": "yandex_alb_http_router",
      "name": "this",
      "provider": "provider[\"registry.terraform.io/yandex-cloud/yandex\"]",
      "instances": [
        {
          "schema_version": 0,
          "attributes": {
            "created_at": "2023-10-31T06:36:31Z",
            "description": "",
            "folder_id": "b1gjuo2nan0klajc5d5g",
            "id": "ds7qffpkq855f849sh1q",
            "labels": {},
            "name": "slurm-http-router",
            "route_options": [],
            "timeouts": null
          },
          "sensitive_attributes": [],
          "private": "eyJlMmJmYjczMC1lY2FhLTExZTYtOGY4OC0zNDM2M2JjN2M0YzAiOnsiY3JlYXRlIjozMDAwMDAwMDAwMDAsImRlbGV0ZSI6MzAwMDAwMDAwMDAwLCJ1cGRhdGUiOjMwMDAwMDAwMDAwMH19"
        }
      ]
    },
    {
      "mode": "managed",
      "type": "yandex_alb_load_balancer",
      "name": "this",
      "provider": "provider[\"registry.terraform.io/yandex-cloud/yandex\"]",
      "instances": [
        {
          "schema_version": 0,
          "attributes": {
            "allocation_policy": [
              {
                "location": [
                  {
                    "disable_traffic": false,
                    "subnet_id": "b0c622vv5ol32siqi6hf",
                    "zone_id": "ru-central1-c"
                  },
                  {
                    "disable_traffic": false,
                    "subnet_id": "e2luqbedqb67nb67pg6m",
                    "zone_id": "ru-central1-b"
                  },
                  {
                    "disable_traffic": false,
                    "subnet_id": "e9b986oauaanc96mkvdp",
                    "zone_id": "ru-central1-a"
                  }
                ]
              }
            ],
            "created_at": "2023-10-31T06:42:11Z",
            "description": "",
            "folder_id": "b1gjuo2nan0klajc5d5g",
            "id": "ds72l36i709ssg6vc5p5",
            "labels": {},
            "listener": [
              {
                "endpoint": [
                  {
                    "address": [
                      {
                        "external_ipv4_address": [
                          {
                            "address": "158.160.129.201"
                          }
                        ],
                        "external_ipv6_address": [],
                        "internal_ipv4_address": []
                      }
                    ],
                    "ports": [
                      80
                    ]
                  }
                ],
                "http": [
                  {
                    "handler": [
                      {
                        "allow_http10": false,
                        "http2_options": [],
                        "http_router_id": "ds7qffpkq855f849sh1q",
                        "rewrite_request_id": false
                      }
                    ],
                    "redirects": []
                  }
                ],
                "name": "slurm-alb-listener",
                "stream": [],
                "tls": []
              }
            ],
            "log_group_id": "ckg4vo5ligp9q5ac7mjj",
            "log_options": [],
            "name": "slurm-alb",
            "network_id": "enp90j4ajg04c0n6pnhk",
            "region_id": "",
            "security_group_ids": [],
            "status": "active",
            "timeouts": null
          },
          "sensitive_attributes": [],
          "private": "eyJlMmJmYjczMC1lY2FhLTExZTYtOGY4OC0zNDM2M2JjN2M0YzAiOnsiY3JlYXRlIjo2MDAwMDAwMDAwMDAsImRlbGV0ZSI6NjAwMDAwMDAwMDAwLCJ1cGRhdGUiOjYwMDAwMDAwMDAwMH19",
          "dependencies": [
            "tls_private_key.yandex_ssh_key",
            "yandex_alb_backend_group.this",
            "yandex_alb_http_router.this",
            "yandex_alb_virtual_host.this",
            "yandex_compute_instance_group.this",
            "yandex_iam_service_account.this",
            "yandex_resourcemanager_folder_iam_binding.this",
            "yandex_vpc_network.this",
            "yandex_vpc_subnet.this"
          ]
        }
      ]
    },
    {
      "mode": "managed",
      "type": "yandex_alb_virtual_host",
      "name": "this",
      "provider": "provider[\"registry.terraform.io/yandex-cloud/yandex\"]",
      "instances": [
        {
          "schema_version": 0,
          "attributes": {
            "authority": [],
            "http_router_id": "ds7qffpkq855f849sh1q",
            "id": "ds7qffpkq855f849sh1q/slurm-virtual-host",
            "modify_request_headers": [],
            "modify_response_headers": [],
            "name": "slurm-virtual-host",
            "route": [
              {
                "grpc_route": [],
                "http_route": [
                  {
                    "direct_response_action": [],
                    "http_match": [],
                    "http_route_action": [
                      {
                        "auto_host_rewrite": false,
                        "backend_group_id": "ds74jn3keqj9i5njv5v4",
                        "host_rewrite": "",
                        "idle_timeout": "",
                        "prefix_rewrite": "",
                        "timeout": "3s",
                        "upgrade_types": [
                          "websocket"
                        ]
                      }
                    ],
                    "redirect_action": []
                  }
                ],
                "name": "slurm-alb-vh-route",
                "route_options": []
              }
            ],
            "route_options": [],
            "timeouts": null
          },
          "sensitive_attributes": [],
          "private": "eyJlMmJmYjczMC1lY2FhLTExZTYtOGY4OC0zNDM2M2JjN2M0YzAiOnsiY3JlYXRlIjozMDAwMDAwMDAwMDAsImRlbGV0ZSI6MzAwMDAwMDAwMDAwLCJ1cGRhdGUiOjMwMDAwMDAwMDAwMH19",
          "dependencies": [
            "tls_private_key.yandex_ssh_key",
            "yandex_alb_backend_group.this",
            "yandex_alb_http_router.this",
            "yandex_compute_instance_group.this",
            "yandex_iam_service_account.this",
            "yandex_resourcemanager_folder_iam_binding.this",
            "yandex_vpc_network.this",
            "yandex_vpc_subnet.this"
          ]
        }
      ]
    },
    {
      "mode": "managed",
      "type": "yandex_compute_instance_group",
      "name": "this",
      "provider": "provider[\"registry.terraform.io/yandex-cloud/yandex\"]",
      "instances": [
        {
          "schema_version": 0,
          "attributes": {
            "allocation_policy": [
              {
                "zones": [
                  "ru-central1-a",
                  "ru-central1-b",
                  "ru-central1-c"
                ]
              }
            ],
            "application_load_balancer": [
              {
                "max_opening_traffic_duration": 0,
                "status_message": "",
                "target_group_description": "",
                "target_group_id": "ds7h5uctbhi1nhd8pco2",
                "target_group_labels": {},
                "target_group_name": "slurm-alb-tg"
              }
            ],
            "created_at": "2023-10-31T06:36:48Z",
            "deletion_protection": false,
            "deploy_policy": [
              {
                "max_creating": 2,
                "max_deleting": 2,
                "max_expansion": 2,
                "max_unavailable": 2,
                "startup_duration": 0,
                "strategy": "proactive"
              }
            ],
            "description": "",
            "folder_id": "b1gjuo2nan0klajc5d5g",
            "health_check": [
              {
                "healthy_threshold": 5,
                "http_options": [
                  {
                    "path": "/",
                    "port": 80
                  }
                ],
                "interval": 2,
                "tcp_options": [],
                "timeout": 1,
                "unhealthy_threshold": 5
              }
            ],
            "id": "cl1fk5pu1ppbp5it126t",
            "instance_template": [
              {
                "boot_disk": [
                  {
                    "device_name": "",
                    "disk_id": "",
                    "initialize_params": [
                      {
                        "description": "",
                        "image_id": "fd8opdtg61g7cp1ffd0k",
                        "size": 10,
                        "snapshot_id": "",
                        "type": "network-hdd"
                      }
                    ],
                    "mode": "READ_WRITE"
                  }
                ],
                "description": "",
                "filesystem": [],
                "hostname": "",
                "labels": {},
                "metadata": {
                  "ssh-keys": "yc-user:ssh-rsa AAAAB3NzaC1yc2EAAAADAQABAAABgQDNPKJW/GRtAfDIEr2/UIgov2e7dTm5VHBzsSTd2/ua0hD9YVGrfdo/OwDzuE2N5sadPuOusRukQPwJ1Jwp8Zn3Ou1NSOiNAZ76jUuuCEvTYvPPTAgxapLppbaNpk8U0cllE0HdsqqUkdkap+u15poQRwaiRCYH2TppMuE0llqc9w+sWSw8cJAYfQfPy+BgkmaYD2hWUSXUoU8KRmZPzDgBy5OJoZHsrPcY70E1ui8n12VE+uOqOgrMt7qr7pWXVisWY0oA6ITYCwglIvdhM40d3OP55hjMT2R9TVSx+av3ksOtwOO/upMvsKxch66VTgk8Vii7oqQxrE6ck17+1mD5tIIdcn+DJByBNLzzYDKp1mOHjEu5D3bYGAbMNpmu9AiQj7rCCwLmk7Q/MNHJdgMXA6/AE6+IHmYIq6CojDs8PErvli2surrRZgkXx4c1uXkw5sfIas3xJBdrlurI2Yl8zr0m4pjD74ejcNUMIhCDTV+rGMPvZLhc2sgK5x9zlrU= tommu@ubuntu\n"
                },
                "name": "",
                "network_interface": [
                  {
                    "dns_record": [],
                    "ip_address": "",
                    "ipv4": true,
                    "ipv6": false,
                    "ipv6_address": "",
                    "ipv6_dns_record": [],
                    "nat": true,
                    "nat_dns_record": [],
                    "nat_ip_address": "",
                    "network_id": "enp90j4ajg04c0n6pnhk",
                    "security_group_ids": [],
                    "subnet_ids": [
                      "b0c622vv5ol32siqi6hf",
                      "e2luqbedqb67nb67pg6m",
                      "e9b986oauaanc96mkvdp"
                    ]
                  }
                ],
                "network_settings": [],
                "placement_policy": [],
                "platform_id": "standard-v1",
                "resources": [
                  {
                    "core_fraction": 100,
                    "cores": 2,
                    "gpus": 0,
                    "memory": 4
                  }
                ],
                "scheduling_policy": [
                  {
                    "preemptible": false
                  }
                ],
                "secondary_disk": [],
                "service_account_id": ""
              }
            ],
            "instances": [
              {
                "fqdn": "cl1fk5pu1ppbp5it126t-anyn.ru-central1.internal",
                "instance_id": "fhm2r6ookscfq9avvgh1",
                "name": "cl1fk5pu1ppbp5it126t-anyn",
                "network_interface": [
                  {
                    "index": 0,
                    "ip_address": "10.10.0.25",
                    "ipv4": true,
                    "ipv6": false,
                    "ipv6_address": "",
                    "mac_address": "d0:0d:2d:9b:18:a7",
                    "nat": true,
                    "nat_ip_address": "158.160.57.174",
                    "nat_ip_version": "IPV4",
                    "subnet_id": "e9b986oauaanc96mkvdp"
                  }
                ],
                "status": "RUNNING_ACTUAL",
                "status_changed_at": "2023-10-31T06:39:50Z",
                "status_message": "",
                "zone_id": "ru-central1-a"
              },
              {
                "fqdn": "cl1fk5pu1ppbp5it126t-yjiv.ru-central1.internal",
                "instance_id": "epd9sg6ejr9rlo55lb4b",
                "name": "cl1fk5pu1ppbp5it126t-yjiv",
                "network_interface": [
                  {
                    "index": 0,
                    "ip_address": "10.20.0.18",
                    "ipv4": true,
                    "ipv6": false,
                    "ipv6_address": "",
                    "mac_address": "d0:0d:9e:40:ce:9e",
                    "nat": true,
                    "nat_ip_address": "158.160.83.235",
                    "nat_ip_version": "IPV4",
                    "subnet_id": "e2luqbedqb67nb67pg6m"
                  }
                ],
                "status": "RUNNING_ACTUAL",
                "status_changed_at": "2023-10-31T06:39:28Z",
                "status_message": "",
                "zone_id": "ru-central1-b"
              },
              {
                "fqdn": "cl1fk5pu1ppbp5it126t-usir.ru-central1.internal",
                "instance_id": "epdas4alq1li4tba7d28",
                "name": "cl1fk5pu1ppbp5it126t-usir",
                "network_interface": [
                  {
                    "index": 0,
                    "ip_address": "10.20.0.6",
                    "ipv4": true,
                    "ipv6": false,
                    "ipv6_address": "",
                    "mac_address": "d0:0d:ae:11:55:d0",
                    "nat": true,
                    "nat_ip_address": "158.160.85.8",
                    "nat_ip_version": "IPV4",
                    "subnet_id": "e2luqbedqb67nb67pg6m"
                  }
                ],
                "status": "RUNNING_ACTUAL",
                "status_changed_at": "2023-10-31T06:42:08Z",
                "status_message": "",
                "zone_id": "ru-central1-b"
              },
              {
                "fqdn": "cl1fk5pu1ppbp5it126t-abuh.ru-central1.internal",
                "instance_id": "ef30r0f64vbqoel3dgo9",
                "name": "cl1fk5pu1ppbp5it126t-abuh",
                "network_interface": [
                  {
                    "index": 0,
                    "ip_address": "10.30.0.32",
                    "ipv4": true,
                    "ipv6": false,
                    "ipv6_address": "",
                    "mac_address": "d0:0d:d8:1e:62:7d",
                    "nat": true,
                    "nat_ip_address": "84.201.144.112",
                    "nat_ip_version": "IPV4",
                    "subnet_id": "b0c622vv5ol32siqi6hf"
                  }
                ],
                "status": "RUNNING_ACTUAL",
                "status_changed_at": "2023-10-31T06:41:46Z",
                "status_message": "",
                "zone_id": "ru-central1-c"
              }
            ],
            "labels": {},
            "load_balancer": [],
            "max_checking_health_duration": 0,
            "name": "slurm-ig",
            "scale_policy": [
              {
                "auto_scale": [],
                "fixed_scale": [
                  {
                    "size": 4
                  }
                ],
                "test_auto_scale": []
              }
            ],
            "service_account_id": "ajeuj5mctcdvhm2js7ul",
            "status": "ACTIVE",
            "timeouts": null,
            "variables": {}
          },
          "sensitive_attributes": [],
          "private": "eyJlMmJmYjczMC1lY2FhLTExZTYtOGY4OC0zNDM2M2JjN2M0YzAiOnsiY3JlYXRlIjoxODAwMDAwMDAwMDAwLCJkZWxldGUiOjE4MDAwMDAwMDAwMDAsInVwZGF0ZSI6MTgwMDAwMDAwMDAwMH19",
          "dependencies": [
            "tls_private_key.yandex_ssh_key",
            "yandex_iam_service_account.this",
            "yandex_resourcemanager_folder_iam_binding.this",
            "yandex_vpc_network.this",
            "yandex_vpc_subnet.this"
          ]
        }
      ]
    },
    {
      "mode": "managed",
      "type": "yandex_iam_service_account",
      "name": "this",
      "provider": "provider[\"registry.terraform.io/yandex-cloud/yandex\"]",
      "instances": [
        {
          "schema_version": 0,
          "attributes": {
            "created_at": "2023-10-31T06:36:40Z",
            "description": "this sa for work with instance group",
            "folder_id": "b1gjuo2nan0klajc5d5g",
            "id": "ajeuj5mctcdvhm2js7ul",
            "name": "slurm-sa",
            "timeouts": null
          },
          "sensitive_attributes": [],
          "private": "eyJlMmJmYjczMC1lY2FhLTExZTYtOGY4OC0zNDM2M2JjN2M0YzAiOnsiY3JlYXRlIjo2MDAwMDAwMDAwMCwiZGVsZXRlIjo2MDAwMDAwMDAwMCwidXBkYXRlIjo2MDAwMDAwMDAwMH19",
          "dependencies": [
            "yandex_vpc_network.this",
            "yandex_vpc_subnet.this"
          ]
        }
      ]
    },
    {
      "mode": "managed",
      "type": "yandex_resourcemanager_folder_iam_binding",
      "name": "this",
      "provider": "provider[\"registry.terraform.io/yandex-cloud/yandex\"]",
      "instances": [
        {
          "schema_version": 0,
          "attributes": {
            "folder_id": "b1gjuo2nan0klajc5d5g",
            "id": "b1gjuo2nan0klajc5d5g/editor",
            "members": [
              "serviceAccount:ajeuj5mctcdvhm2js7ul"
            ],
            "role": "editor",
            "sleep_after": null,
            "timeouts": null
          },
          "sensitive_attributes": [],
          "private": "eyJlMmJmYjczMC1lY2FhLTExZTYtOGY4OC0zNDM2M2JjN2M0YzAiOnsiY3JlYXRlIjo2MDAwMDAwMDAwMCwiZGVmYXVsdCI6NjAwMDAwMDAwMDAsImRlbGV0ZSI6NjAwMDAwMDAwMDAsInJlYWQiOjYwMDAwMDAwMDAwLCJ1cGRhdGUiOjYwMDAwMDAwMDAwfX0=",
          "dependencies": [
            "yandex_iam_service_account.this",
            "yandex_vpc_network.this",
            "yandex_vpc_subnet.this"
          ]
        }
      ]
    },
    {
      "mode": "managed",
      "type": "yandex_vpc_network",
      "name": "this",
      "provider": "provider[\"registry.terraform.io/yandex-cloud/yandex\"]",
      "instances": [
        {
          "schema_version": 0,
          "attributes": {
            "created_at": "2023-10-31T06:36:34Z",
            "default_security_group_id": "enpklca0l5ou8n9goj4e",
            "description": "",
            "folder_id": "b1gjuo2nan0klajc5d5g",
            "id": "enp90j4ajg04c0n6pnhk",
            "labels": {},
            "name": "slurm-network",
            "subnet_ids": [
              "b0c622vv5ol32siqi6hf",
              "e2luqbedqb67nb67pg6m",
              "e9b986oauaanc96mkvdp"
            ],
            "timeouts": null
          },
          "sensitive_attributes": [],
          "private": "eyJlMmJmYjczMC1lY2FhLTExZTYtOGY4OC0zNDM2M2JjN2M0YzAiOnsiY3JlYXRlIjo2MDAwMDAwMDAwMCwiZGVsZXRlIjo2MDAwMDAwMDAwMCwidXBkYXRlIjo2MDAwMDAwMDAwMH19"
        }
      ]
    },
    {
      "mode": "managed",
      "type": "yandex_vpc_subnet",
      "name": "this",
      "provider": "provider[\"registry.terraform.io/yandex-cloud/yandex\"]",
      "instances": [
        {
          "index_key": "ru-central1-a",
          "schema_version": 0,
          "attributes": {
            "created_at": "2023-10-31T06:36:38Z",
            "description": "",
            "dhcp_options": [],
            "folder_id": "b1gjuo2nan0klajc5d5g",
            "id": "e9b986oauaanc96mkvdp",
            "labels": {
              "app": "tf-practicum",
              "team": "slurm"
            },
            "name": "test-ru-central1-a",
            "network_id": "enp90j4ajg04c0n6pnhk",
            "route_table_id": "",
            "timeouts": null,
            "v4_cidr_blocks": [
              "10.10.0.0/24"
            ],
            "v6_cidr_blocks": [],
            "zone": "ru-central1-a"
          },
          "sensitive_attributes": [],
          "private": "eyJlMmJmYjczMC1lY2FhLTExZTYtOGY4OC0zNDM2M2JjN2M0YzAiOnsiY3JlYXRlIjoxODAwMDAwMDAwMDAsImRlbGV0ZSI6MTgwMDAwMDAwMDAwLCJ1cGRhdGUiOjE4MDAwMDAwMDAwMH19",
          "dependencies": [
            "yandex_vpc_network.this"
          ]
        },
        {
          "index_key": "ru-central1-b",
          "schema_version": 0,
          "attributes": {
            "created_at": "2023-10-31T06:36:37Z",
            "description": "",
            "dhcp_options": [],
            "folder_id": "b1gjuo2nan0klajc5d5g",
            "id": "e2luqbedqb67nb67pg6m",
            "labels": {
              "app": "tf-practicum",
              "team": "slurm"
            },
            "name": "test-ru-central1-b",
            "network_id": "enp90j4ajg04c0n6pnhk",
            "route_table_id": "",
            "timeouts": null,
            "v4_cidr_blocks": [
              "10.20.0.0/24"
            ],
            "v6_cidr_blocks": [],
            "zone": "ru-central1-b"
          },
          "sensitive_attributes": [],
          "private": "eyJlMmJmYjczMC1lY2FhLTExZTYtOGY4OC0zNDM2M2JjN2M0YzAiOnsiY3JlYXRlIjoxODAwMDAwMDAwMDAsImRlbGV0ZSI6MTgwMDAwMDAwMDAwLCJ1cGRhdGUiOjE4MDAwMDAwMDAwMH19",
          "dependencies": [
            "yandex_vpc_network.this"
          ]
        },
        {
          "index_key": "ru-central1-c",
          "schema_version": 0,
          "attributes": {
            "created_at": "2023-10-31T06:36:39Z",
            "description": "",
            "dhcp_options": [],
            "folder_id": "b1gjuo2nan0klajc5d5g",
            "id": "b0c622vv5ol32siqi6hf",
            "labels": {
              "app": "tf-practicum",
              "team": "slurm"
            },
            "name": "test-ru-central1-c",
            "network_id": "enp90j4ajg04c0n6pnhk",
            "route_table_id": "",
            "timeouts": null,
            "v4_cidr_blocks": [
              "10.30.0.0/24"
            ],
            "v6_cidr_blocks": [],
            "zone": "ru-central1-c"
          },
          "sensitive_attributes": [],
          "private": "eyJlMmJmYjczMC1lY2FhLTExZTYtOGY4OC0zNDM2M2JjN2M0YzAiOnsiY3JlYXRlIjoxODAwMDAwMDAwMDAsImRlbGV0ZSI6MTgwMDAwMDAwMDAwLCJ1cGRhdGUiOjE4MDAwMDAwMDAwMH19",
          "dependencies": [
            "yandex_vpc_network.this"
          ]
        }
      ]
    }
  ],
  "check_results": null
}
